// !$*UTF8*$!
{
	archiveVersion = 1;
	classes = {
	};
	objectVersion = 56;
	objects = {

/* Begin PBXBuildFile section */
		8495838F2A17B080002C5772 /* AppDelegate.swift in Sources */ = {isa = PBXBuildFile; fileRef = 8495838E2A17B080002C5772 /* AppDelegate.swift */; };
		849583912A17B080002C5772 /* SceneDelegate.swift in Sources */ = {isa = PBXBuildFile; fileRef = 849583902A17B080002C5772 /* SceneDelegate.swift */; };
		849583932A17B080002C5772 /* ViewController.swift in Sources */ = {isa = PBXBuildFile; fileRef = 849583922A17B080002C5772 /* ViewController.swift */; };
		849583962A17B080002C5772 /* Main.storyboard in Resources */ = {isa = PBXBuildFile; fileRef = 849583942A17B080002C5772 /* Main.storyboard */; };
		849583982A17B081002C5772 /* Assets.xcassets in Resources */ = {isa = PBXBuildFile; fileRef = 849583972A17B081002C5772 /* Assets.xcassets */; };
		8495839B2A17B081002C5772 /* LaunchScreen.storyboard in Resources */ = {isa = PBXBuildFile; fileRef = 849583992A17B081002C5772 /* LaunchScreen.storyboard */; };
		849583A42A17B093002C5772 /* JSON.swift in Sources */ = {isa = PBXBuildFile; fileRef = 849583A32A17B093002C5772 /* JSON.swift */; };
		849583A62A19E94C002C5772 /* Completion.swift in Sources */ = {isa = PBXBuildFile; fileRef = 849583A52A19E94C002C5772 /* Completion.swift */; };
		849583A92A19EB46002C5772 /* Sample.json in Resources */ = {isa = PBXBuildFile; fileRef = 849583A82A19EB46002C5772 /* Sample.json */; };
		849583AC2A19EBC4002C5772 /* FileLoader.swift in Sources */ = {isa = PBXBuildFile; fileRef = 849583AB2A19EBC4002C5772 /* FileLoader.swift */; };
/* End PBXBuildFile section */

/* Begin PBXFileReference section */
		8495838B2A17B080002C5772 /* SOLIDWorkaround.app */ = {isa = PBXFileReference; explicitFileType = wrapper.application; includeInIndex = 0; path = SOLIDWorkaround.app; sourceTree = BUILT_PRODUCTS_DIR; };
		8495838E2A17B080002C5772 /* AppDelegate.swift */ = {isa = PBXFileReference; lastKnownFileType = sourcecode.swift; path = AppDelegate.swift; sourceTree = "<group>"; };
		849583902A17B080002C5772 /* SceneDelegate.swift */ = {isa = PBXFileReference; lastKnownFileType = sourcecode.swift; path = SceneDelegate.swift; sourceTree = "<group>"; };
		849583922A17B080002C5772 /* ViewController.swift */ = {isa = PBXFileReference; lastKnownFileType = sourcecode.swift; path = ViewController.swift; sourceTree = "<group>"; };
		849583952A17B080002C5772 /* Base */ = {isa = PBXFileReference; lastKnownFileType = file.storyboard; name = Base; path = Base.lproj/Main.storyboard; sourceTree = "<group>"; };
		849583972A17B081002C5772 /* Assets.xcassets */ = {isa = PBXFileReference; lastKnownFileType = folder.assetcatalog; path = Assets.xcassets; sourceTree = "<group>"; };
		8495839A2A17B081002C5772 /* Base */ = {isa = PBXFileReference; lastKnownFileType = file.storyboard; name = Base; path = Base.lproj/LaunchScreen.storyboard; sourceTree = "<group>"; };
		8495839C2A17B081002C5772 /* Info.plist */ = {isa = PBXFileReference; lastKnownFileType = text.plist.xml; path = Info.plist; sourceTree = "<group>"; };
		849583A32A17B093002C5772 /* JSON.swift */ = {isa = PBXFileReference; lastKnownFileType = sourcecode.swift; path = JSON.swift; sourceTree = "<group>"; };
		849583A52A19E94C002C5772 /* Completion.swift */ = {isa = PBXFileReference; lastKnownFileType = sourcecode.swift; path = Completion.swift; sourceTree = "<group>"; };
		849583A82A19EB46002C5772 /* Sample.json */ = {isa = PBXFileReference; lastKnownFileType = text.json; path = Sample.json; sourceTree = "<group>"; };
		849583AB2A19EBC4002C5772 /* FileLoader.swift */ = {isa = PBXFileReference; lastKnownFileType = sourcecode.swift; path = FileLoader.swift; sourceTree = "<group>"; };
/* End PBXFileReference section */

/* Begin PBXFrameworksBuildPhase section */
		849583882A17B080002C5772 /* Frameworks */ = {
			isa = PBXFrameworksBuildPhase;
			buildActionMask = 2147483647;
			files = (
			);
			runOnlyForDeploymentPostprocessing = 0;
		};
/* End PBXFrameworksBuildPhase section */

/* Begin PBXGroup section */
		849583822A17B080002C5772 = {
			isa = PBXGroup;
			children = (
				8495838D2A17B080002C5772 /* SOLIDWorkaround */,
				8495838C2A17B080002C5772 /* Products */,
			);
			sourceTree = "<group>";
		};
		8495838C2A17B080002C5772 /* Products */ = {
			isa = PBXGroup;
			children = (
				8495838B2A17B080002C5772 /* SOLIDWorkaround.app */,
			);
			name = Products;
			sourceTree = "<group>";
		};
		8495838D2A17B080002C5772 /* SOLIDWorkaround */ = {
			isa = PBXGroup;
			children = (
				849583AA2A19EBB3002C5772 /* Helpers */,
				849583A72A19EB22002C5772 /* Jsons */,
				849583A22A17B086002C5772 /* Source */,
				8495838E2A17B080002C5772 /* AppDelegate.swift */,
				849583902A17B080002C5772 /* SceneDelegate.swift */,
				849583922A17B080002C5772 /* ViewController.swift */,
				849583942A17B080002C5772 /* Main.storyboard */,
				849583972A17B081002C5772 /* Assets.xcassets */,
				849583992A17B081002C5772 /* LaunchScreen.storyboard */,
				8495839C2A17B081002C5772 /* Info.plist */,
			);
			path = SOLIDWorkaround;
			sourceTree = "<group>";
		};
		849583A22A17B086002C5772 /* Source */ = {
			isa = PBXGroup;
			children = (
				849583A32A17B093002C5772 /* JSON.swift */,
				849583A52A19E94C002C5772 /* Completion.swift */,
			);
			path = Source;
			sourceTree = "<group>";
		};
		849583A72A19EB22002C5772 /* Jsons */ = {
			isa = PBXGroup;
			children = (
				849583A82A19EB46002C5772 /* Sample.json */,
			);
			path = Jsons;
			sourceTree = "<group>";
		};
		849583AA2A19EBB3002C5772 /* Helpers */ = {
			isa = PBXGroup;
			children = (
				849583AB2A19EBC4002C5772 /* FileLoader.swift */,
			);
			path = Helpers;
			sourceTree = "<group>";
		};
/* End PBXGroup section */

/* Begin PBXNativeTarget section */
		8495838A2A17B080002C5772 /* SOLIDWorkaround */ = {
			isa = PBXNativeTarget;
			buildConfigurationList = 8495839F2A17B081002C5772 /* Build configuration list for PBXNativeTarget "SOLIDWorkaround" */;
			buildPhases = (
				849583872A17B080002C5772 /* Sources */,
				849583882A17B080002C5772 /* Frameworks */,
				849583892A17B080002C5772 /* Resources */,
			);
			buildRules = (
			);
			dependencies = (
			);
			name = SOLIDWorkaround;
			productName = NetworkingSample;
			productReference = 8495838B2A17B080002C5772 /* SOLIDWorkaround.app */;
			productType = "com.apple.product-type.application";
		};
/* End PBXNativeTarget section */

/* Begin PBXProject section */
		849583832A17B080002C5772 /* Project object */ = {
			isa = PBXProject;
			attributes = {
				BuildIndependentTargetsInParallel = 1;
				LastSwiftUpdateCheck = 1430;
				LastUpgradeCheck = 1430;
				TargetAttributes = {
					8495838A2A17B080002C5772 = {
						CreatedOnToolsVersion = 14.3;
					};
				};
			};
			buildConfigurationList = 849583862A17B080002C5772 /* Build configuration list for PBXProject "SOLIDWorkaround" */;
			compatibilityVersion = "Xcode 14.0";
			developmentRegion = en;
			hasScannedForEncodings = 0;
			knownRegions = (
				en,
				Base,
			);
			mainGroup = 849583822A17B080002C5772;
			productRefGroup = 8495838C2A17B080002C5772 /* Products */;
			projectDirPath = "";
			projectRoot = "";
			targets = (
				8495838A2A17B080002C5772 /* SOLIDWorkaround */,
			);
		};
/* End PBXProject section */

/* Begin PBXResourcesBuildPhase section */
		849583892A17B080002C5772 /* Resources */ = {
			isa = PBXResourcesBuildPhase;
			buildActionMask = 2147483647;
			files = (
				849583A92A19EB46002C5772 /* Sample.json in Resources */,
				8495839B2A17B081002C5772 /* LaunchScreen.storyboard in Resources */,
				849583982A17B081002C5772 /* Assets.xcassets in Resources */,
				849583962A17B080002C5772 /* Main.storyboard in Resources */,
			);
			runOnlyForDeploymentPostprocessing = 0;
		};
/* End PBXResourcesBuildPhase section */

/* Begin PBXSourcesBuildPhase section */
		849583872A17B080002C5772 /* Sources */ = {
			isa = PBXSourcesBuildPhase;
			buildActionMask = 2147483647;
			files = (
				849583AC2A19EBC4002C5772 /* FileLoader.swift in Sources */,
				849583A62A19E94C002C5772 /* Completion.swift in Sources */,
				849583932A17B080002C5772 /* ViewController.swift in Sources */,
				8495838F2A17B080002C5772 /* AppDelegate.swift in Sources */,
				849583912A17B080002C5772 /* SceneDelegate.swift in Sources */,
				849583A42A17B093002C5772 /* JSON.swift in Sources */,
			);
			runOnlyForDeploymentPostprocessing = 0;
		};
/* End PBXSourcesBuildPhase section */

/* Begin PBXVariantGroup section */
		849583942A17B080002C5772 /* Main.storyboard */ = {
			isa = PBXVariantGroup;
			children = (
				849583952A17B080002C5772 /* Base */,
			);
			name = Main.storyboard;
			sourceTree = "<group>";
		};
		849583992A17B081002C5772 /* LaunchScreen.storyboard */ = {
			isa = PBXVariantGroup;
			children = (
				8495839A2A17B081002C5772 /* Base */,
			);
			name = LaunchScreen.storyboard;
			sourceTree = "<group>";
		};
/* End PBXVariantGroup section */

/* Begin XCBuildConfiguration section */
		8495839D2A17B081002C5772 /* Debug */ = {
			isa = XCBuildConfiguration;
			buildSettings = {
				ALWAYS_SEARCH_USER_PATHS = NO;
				CLANG_ANALYZER_NONNULL = YES;
				CLANG_ANALYZER_NUMBER_OBJECT_CONVERSION = YES_AGGRESSIVE;
				CLANG_CXX_LANGUAGE_STANDARD = "gnu++20";
				CLANG_ENABLE_MODULES = YES;
				CLANG_ENABLE_OBJC_ARC = YES;
				CLANG_ENABLE_OBJC_WEAK = YES;
				CLANG_WARN_BLOCK_CAPTURE_AUTORELEASING = YES;
				CLANG_WARN_BOOL_CONVERSION = YES;
				CLANG_WARN_COMMA = YES;
				CLANG_WARN_CONSTANT_CONVERSION = YES;
				CLANG_WARN_DEPRECATED_OBJC_IMPLEMENTATIONS = YES;
				CLANG_WARN_DIRECT_OBJC_ISA_USAGE = YES_ERROR;
				CLANG_WARN_DOCUMENTATION_COMMENTS = YES;
				CLANG_WARN_EMPTY_BODY = YES;
				CLANG_WARN_ENUM_CONVERSION = YES;
				CLANG_WARN_INFINITE_RECURSION = YES;
				CLANG_WARN_INT_CONVERSION = YES;
				CLANG_WARN_NON_LITERAL_NULL_CONVERSION = YES;
				CLANG_WARN_OBJC_IMPLICIT_RETAIN_SELF = YES;
				CLANG_WARN_OBJC_LITERAL_CONVERSION = YES;
				CLANG_WARN_OBJC_ROOT_CLASS = YES_ERROR;
				CLANG_WARN_QUOTED_INCLUDE_IN_FRAMEWORK_HEADER = YES;
				CLANG_WARN_RANGE_LOOP_ANALYSIS = YES;
				CLANG_WARN_STRICT_PROTOTYPES = YES;
				CLANG_WARN_SUSPICIOUS_MOVE = YES;
				CLANG_WARN_UNGUARDED_AVAILABILITY = YES_AGGRESSIVE;
				CLANG_WARN_UNREACHABLE_CODE = YES;
				CLANG_WARN__DUPLICATE_METHOD_MATCH = YES;
				COPY_PHASE_STRIP = NO;
				DEBUG_INFORMATION_FORMAT = dwarf;
				ENABLE_STRICT_OBJC_MSGSEND = YES;
				ENABLE_TESTABILITY = YES;
				GCC_C_LANGUAGE_STANDARD = gnu11;
				GCC_DYNAMIC_NO_PIC = NO;
				GCC_NO_COMMON_BLOCKS = YES;
				GCC_OPTIMIZATION_LEVEL = 0;
				GCC_PREPROCESSOR_DEFINITIONS = (
					"DEBUG=1",
					"$(inherited)",
				);
				GCC_WARN_64_TO_32_BIT_CONVERSION = YES;
				GCC_WARN_ABOUT_RETURN_TYPE = YES_ERROR;
				GCC_WARN_UNDECLARED_SELECTOR = YES;
				GCC_WARN_UNINITIALIZED_AUTOS = YES_AGGRESSIVE;
				GCC_WARN_UNUSED_FUNCTION = YES;
				GCC_WARN_UNUSED_VARIABLE = YES;
				IPHONEOS_DEPLOYMENT_TARGET = 16.4;
				MTL_ENABLE_DEBUG_INFO = INCLUDE_SOURCE;
				MTL_FAST_MATH = YES;
				ONLY_ACTIVE_ARCH = YES;
				SDKROOT = iphoneos;
				SWIFT_ACTIVE_COMPILATION_CONDITIONS = DEBUG;
				SWIFT_OPTIMIZATION_LEVEL = "-Onone";
			};
			name = Debug;
		};
		8495839E2A17B081002C5772 /* Release */ = {
			isa = XCBuildConfiguration;
			buildSettings = {
				ALWAYS_SEARCH_USER_PATHS = NO;
				CLANG_ANALYZER_NONNULL = YES;
				CLANG_ANALYZER_NUMBER_OBJECT_CONVERSION = YES_AGGRESSIVE;
				CLANG_CXX_LANGUAGE_STANDARD = "gnu++20";
				CLANG_ENABLE_MODULES = YES;
				CLANG_ENABLE_OBJC_ARC = YES;
				CLANG_ENABLE_OBJC_WEAK = YES;
				CLANG_WARN_BLOCK_CAPTURE_AUTORELEASING = YES;
				CLANG_WARN_BOOL_CONVERSION = YES;
				CLANG_WARN_COMMA = YES;
				CLANG_WARN_CONSTANT_CONVERSION = YES;
				CLANG_WARN_DEPRECATED_OBJC_IMPLEMENTATIONS = YES;
				CLANG_WARN_DIRECT_OBJC_ISA_USAGE = YES_ERROR;
				CLANG_WARN_DOCUMENTATION_COMMENTS = YES;
				CLANG_WARN_EMPTY_BODY = YES;
				CLANG_WARN_ENUM_CONVERSION = YES;
				CLANG_WARN_INFINITE_RECURSION = YES;
				CLANG_WARN_INT_CONVERSION = YES;
				CLANG_WARN_NON_LITERAL_NULL_CONVERSION = YES;
				CLANG_WARN_OBJC_IMPLICIT_RETAIN_SELF = YES;
				CLANG_WARN_OBJC_LITERAL_CONVERSION = YES;
				CLANG_WARN_OBJC_ROOT_CLASS = YES_ERROR;
				CLANG_WARN_QUOTED_INCLUDE_IN_FRAMEWORK_HEADER = YES;
				CLANG_WARN_RANGE_LOOP_ANALYSIS = YES;
				CLANG_WARN_STRICT_PROTOTYPES = YES;
				CLANG_WARN_SUSPICIOUS_MOVE = YES;
				CLANG_WARN_UNGUARDED_AVAILABILITY = YES_AGGRESSIVE;
				CLANG_WARN_UNREACHABLE_CODE = YES;
				CLANG_WARN__DUPLICATE_METHOD_MATCH = YES;
				COPY_PHASE_STRIP = NO;
				DEBUG_INFORMATION_FORMAT = "dwarf-with-dsym";
				ENABLE_NS_ASSERTIONS = NO;
				ENABLE_STRICT_OBJC_MSGSEND = YES;
				GCC_C_LANGUAGE_STANDARD = gnu11;
				GCC_NO_COMMON_BLOCKS = YES;
				GCC_WARN_64_TO_32_BIT_CONVERSION = YES;
				GCC_WARN_ABOUT_RETURN_TYPE = YES_ERROR;
				GCC_WARN_UNDECLARED_SELECTOR = YES;
				GCC_WARN_UNINITIALIZED_AUTOS = YES_AGGRESSIVE;
				GCC_WARN_UNUSED_FUNCTION = YES;
				GCC_WARN_UNUSED_VARIABLE = YES;
				IPHONEOS_DEPLOYMENT_TARGET = 16.4;
				MTL_ENABLE_DEBUG_INFO = NO;
				MTL_FAST_MATH = YES;
				SDKROOT = iphoneos;
				SWIFT_COMPILATION_MODE = wholemodule;
				SWIFT_OPTIMIZATION_LEVEL = "-O";
				VALIDATE_PRODUCT = YES;
			};
			name = Release;
		};
		849583A02A17B081002C5772 /* Debug */ = {
			isa = XCBuildConfiguration;
			buildSettings = {
				ASSETCATALOG_COMPILER_APPICON_NAME = AppIcon;
				ASSETCATALOG_COMPILER_GLOBAL_ACCENT_COLOR_NAME = AccentColor;
				CODE_SIGN_STYLE = Automatic;
				CURRENT_PROJECT_VERSION = 1;
				GENERATE_INFOPLIST_FILE = YES;
				INFOPLIST_FILE = SOLIDWorkaround/Info.plist;
				INFOPLIST_KEY_UIApplicationSupportsIndirectInputEvents = YES;
				INFOPLIST_KEY_UILaunchStoryboardName = LaunchScreen;
				INFOPLIST_KEY_UIMainStoryboardFile = Main;
				INFOPLIST_KEY_UISupportedInterfaceOrientations_iPad = "UIInterfaceOrientationPortrait UIInterfaceOrientationPortraitUpsideDown UIInterfaceOrientationLandscapeLeft UIInterfaceOrientationLandscapeRight";
				INFOPLIST_KEY_UISupportedInterfaceOrientations_iPhone = "UIInterfaceOrientationPortrait UIInterfaceOrientationLandscapeLeft UIInterfaceOrientationLandscapeRight";
				LD_RUNPATH_SEARCH_PATHS = (
					"$(inherited)",
					"@executable_path/Frameworks",
				);
				MARKETING_VERSION = 1.0;
				PRODUCT_BUNDLE_IDENTIFIER = com.gagan.SOLIDWorkaround;
				PRODUCT_NAME = "$(TARGET_NAME)";
				SWIFT_EMIT_LOC_STRINGS = YES;
				SWIFT_VERSION = 5.0;
				TARGETED_DEVICE_FAMILY = "1,2";
			};
			name = Debug;
		};
		849583A12A17B081002C5772 /* Release */ = {
			isa = XCBuildConfiguration;
			buildSettings = {
				ASSETCATALOG_COMPILER_APPICON_NAME = AppIcon;
				ASSETCATALOG_COMPILER_GLOBAL_ACCENT_COLOR_NAME = AccentColor;
				CODE_SIGN_STYLE = Automatic;
				CURRENT_PROJECT_VERSION = 1;
				GENERATE_INFOPLIST_FILE = YES;
				INFOPLIST_FILE = SOLIDWorkaround/Info.plist;
				INFOPLIST_KEY_UIApplicationSupportsIndirectInputEvents = YES;
				INFOPLIST_KEY_UILaunchStoryboardName = LaunchScreen;
				INFOPLIST_KEY_UIMainStoryboardFile = Main;
				INFOPLIST_KEY_UISupportedInterfaceOrientations_iPad = "UIInterfaceOrientationPortrait UIInterfaceOrientationPortraitUpsideDown UIInterfaceOrientationLandscapeLeft UIInterfaceOrientationLandscapeRight";
				INFOPLIST_KEY_UISupportedInterfaceOrientations_iPhone = "UIInterfaceOrientationPortrait UIInterfaceOrientationLandscapeLeft UIInterfaceOrientationLandscapeRight";
				LD_RUNPATH_SEARCH_PATHS = (
					"$(inherited)",
					"@executable_path/Frameworks",
				);
				MARKETING_VERSION = 1.0;
				PRODUCT_BUNDLE_IDENTIFIER = com.gagan.SOLIDWorkaround;
				PRODUCT_NAME = "$(TARGET_NAME)";
				SWIFT_EMIT_LOC_STRINGS = YES;
				SWIFT_VERSION = 5.0;
				TARGETED_DEVICE_FAMILY = "1,2";
			};
			name = Release;
		};
/* End XCBuildConfiguration section */

/* Begin XCConfigurationList section */
		849583862A17B080002C5772 /* Build configuration list for PBXProject "SOLIDWorkaround" */ = {
			isa = XCConfigurationList;
			buildConfigurations = (
				8495839D2A17B081002C5772 /* Debug */,
				8495839E2A17B081002C5772 /* Release */,
			);
			defaultConfigurationIsVisible = 0;
			defaultConfigurationName = Release;
		};
		8495839F2A17B081002C5772 /* Build configuration list for PBXNativeTarget "SOLIDWorkaround" */ = {
			isa = XCConfigurationList;
			buildConfigurations = (
				849583A02A17B081002C5772 /* Debug */,
				849583A12A17B081002C5772 /* Release */,
			);
			defaultConfigurationIsVisible = 0;
			defaultConfigurationName = Release;
		};
/* End XCConfigurationList section */
	};
	rootObject = 849583832A17B080002C5772 /* Project object */;
}
